{
    "_readme": [
        "This file locks the dependencies of your project to a known state",
        "Read more about it at https://getcomposer.org/doc/01-basic-usage.md#composer-lock-the-lock-file",
        "This file is @generated automatically"
    ],
    "hash": "d04fdf4274ac5ea13c7ede54e1af2359",
    "content-hash": "0b6b48e085ab1ad7cde803ebf299c964",
    "packages": [
        {
            "name": "jalder/upnp",
            "version": "dev-master",
            "source": {
                "type": "git",
                "url": "https://github.com/jalder/UPnP.git",
                "reference": "92e042c148d128fb152f6a7b123715ab5ca506b3"
            },
            "dist": {
                "type": "zip",
                "url": "https://api.github.com/repos/jalder/UPnP/zipball/92e042c148d128fb152f6a7b123715ab5ca506b3",
                "reference": "92e042c148d128fb152f6a7b123715ab5ca506b3",
                "shasum": ""
            },
            "require-dev": {
                "phpunit/phpunit": "4.1.*"
            },
            "type": "library",
            "autoload": {
                "psr-4": {
                    "jalder\\Upnp\\": "src"
                }
            },
            "notification-url": "https://packagist.org/downloads/",
            "license": [
                "MIT"
            ],
            "authors": [
                {
                    "name": "John Alder",
                    "email": "jack@jalder.com"
                }
            ],
            "description": "UPnP utilities for PHP applications",
            "keywords": [
                "Roku",
                "chromecast",
                "kodi",
                "ssdp",
                "upnp",
                "xbmc"
            ],
            "time": "2015-10-02 20:08:01"
        }
    ],
    "packages-dev": [],
    "aliases": [],
    "minimum-stability": "stable",
    "stability-flags": {
        "jalder/upnp": 20
    },
    "prefer-stable": false,
    "prefer-lowest": false,
    "platform": [],
    "platform-dev": []
}
